
Microsoft Visual Studio Solution File, Format Version 12.00
# Visual Studio Version 17
VisualStudioVersion = 17.3.32825.248
MinimumVisualStudioVersion = 10.0.40219.1
Project("{9A19103F-16F7-4668-BE54-9A1E7A4F7556}") = "Sokszogek.Models", "Sokszogek.Models\Sokszogek.Models.csproj", "{27493890-0BE3-44DD-8FDF-B2A8521DCC48}"
EndProject
Project("{9A19103F-16F7-4668-BE54-9A1E7A4F7556}") = "Sokszogek.ViewModels", "Sokszogek.ViewModels\Sokszogek.ViewModels.csproj", "{871EE756-3D5D-48F4-BA1F-49026399EAAD}"
EndProject
Project("{9A19103F-16F7-4668-BE54-9A1E7A4F7556}") = "Sokszogek.MAUI", "Sokszogek.MAUI\Sokszogek.MAUI.csproj", "{CAFFE51B-4CA0-4DBC-8E14-C6E3FCD3920B}"
EndProject
Project("{FAE04EC0-301F-11D3-BF4B-00C04F79EFBC}") = "Sokszogek.WPF", "Sokszogek.WPF\Sokszogek.WPF.csproj", "{D3C4468E-F546-494C-906C-0EE4083BDD2B}"
EndProject
Global
	GlobalSection(SolutionConfigurationPlatforms) = preSolution
		Debug|Any CPU = Debug|Any CPU
		Release|Any CPU = Release|Any CPU
	EndGlobalSection
	GlobalSection(ProjectConfigurationPlatforms) = postSolution
		{27493890-0BE3-44DD-8FDF-B2A8521DCC48}.Debug|Any CPU.ActiveCfg = Debug|Any CPU
		{27493890-0BE3-44DD-8FDF-B2A8521DCC48}.Debug|Any CPU.Build.0 = Debug|Any CPU
		{27493890-0BE3-44DD-8FDF-B2A8521DCC48}.Release|Any CPU.ActiveCfg = Release|Any CPU
		{27493890-0BE3-44DD-8FDF-B2A8521DCC48}.Release|Any CPU.Build.0 = Release|Any CPU
		{871EE756-3D5D-48F4-BA1F-49026399EAAD}.Debug|Any CPU.ActiveCfg = Debug|Any CPU
		{871EE756-3D5D-48F4-BA1F-49026399EAAD}.Debug|Any CPU.Build.0 = Debug|Any CPU
		{871EE756-3D5D-48F4-BA1F-49026399EAAD}.Release|Any CPU.ActiveCfg = Release|Any CPU
		{871EE756-3D5D-48F4-BA1F-49026399EAAD}.Release|Any CPU.Build.0 = Release|Any CPU
		{CAFFE51B-4CA0-4DBC-8E14-C6E3FCD3920B}.Debug|Any CPU.ActiveCfg = Debug|Any CPU
		{CAFFE51B-4CA0-4DBC-8E14-C6E3FCD3920B}.Debug|Any CPU.Build.0 = Debug|Any CPU
		{CAFFE51B-4CA0-4DBC-8E14-C6E3FCD3920B}.Debug|Any CPU.Deploy.0 = Debug|Any CPU
		{CAFFE51B-4CA0-4DBC-8E14-C6E3FCD3920B}.Release|Any CPU.ActiveCfg = Release|Any CPU
		{CAFFE51B-4CA0-4DBC-8E14-C6E3FCD3920B}.Release|Any CPU.Build.0 = Release|Any CPU
		{CAFFE51B-4CA0-4DBC-8E14-C6E3FCD3920B}.Release|Any CPU.Deploy.0 = Release|Any CPU
		{D3C4468E-F546-494C-906C-0EE4083BDD2B}.Debug|Any CPU.ActiveCfg = Debug|Any CPU
		{D3C4468E-F546-494C-906C-0EE4083BDD2B}.Debug|Any CPU.Build.0 = Debug|Any CPU
		{D3C4468E-F546-494C-906C-0EE4083BDD2B}.Release|Any CPU.ActiveCfg = Release|Any CPU
		{D3C4468E-F546-494C-906C-0EE4083BDD2B}.Release|Any CPU.Build.0 = Release|Any CPU
	EndGlobalSection
	GlobalSection(SolutionProperties) = preSolution
		HideSolutionNode = FALSE
	EndGlobalSection
	GlobalSection(ExtensibilityGlobals) = postSolution
		SolutionGuid = {263B0DEE-DE0E-4731-9EC1-46FB235B240D}
	EndGlobalSection
EndGlobal
